dependencies:
- name: k8s-jellyfin
  repository: file://./jellyfin/
  version: 0.10.0
- name: k8s-jackett
  repository: file://./jackett/
  version: 0.10.0
- name: k8s-plex
  repository: file://./plex/
  version: 0.10.0
digest: sha256:f9b1d4762d5acd0346bb4467b158bdd6648ba6e5f4d8e60e10b6308027070281
generated: "2024-06-16T15:51:38.763191-05:00"
